
Microsoft Visual Studio Solution File, Format Version 12.00
# Visual Studio Version 16
VisualStudioVersion = 16.0.29503.13
MinimumVisualStudioVersion = 10.0.40219.1
Project("{FAE04EC0-301F-11D3-BF4B-00C04F79EFBC}") = "Common", "Common\Common.csproj", "{76EB2D81-F8A4-4263-8D7B-BD72FB965926}"
EndProject
Project("{2150E333-8FDC-42A3-9474-1A3956D46DE8}") = "Samples", "Samples", "{F39AB6D3-10A4-4392-99E5-B827527D2310}"
EndProject
Project("{FAE04EC0-301F-11D3-BF4B-00C04F79EFBC}") = "City Skyline", "Samples\00-CitySkyline\City Skyline.csproj", "{68B7616F-A864-4478-BE25-7B9781102E72}"
EndProject
Global
	GlobalSection(SolutionConfigurationPlatforms) = preSolution
		Debug|Any CPU = Debug|Any CPU
		Release|Any CPU = Release|Any CPU
	EndGlobalSection
	GlobalSection(ProjectConfigurationPlatforms) = postSolution
		{76EB2D81-F8A4-4263-8D7B-BD72FB965926}.Debug|Any CPU.ActiveCfg = Debug|Any CPU
		{76EB2D81-F8A4-4263-8D7B-BD72FB965926}.Debug|Any CPU.Build.0 = Debug|Any CPU
		{76EB2D81-F8A4-4263-8D7B-BD72FB965926}.Release|Any CPU.ActiveCfg = Release|Any CPU
		{76EB2D81-F8A4-4263-8D7B-BD72FB965926}.Release|Any CPU.Build.0 = Release|Any CPU
		{68B7616F-A864-4478-BE25-7B9781102E72}.Debug|Any CPU.ActiveCfg = Debug|Any CPU
		{68B7616F-A864-4478-BE25-7B9781102E72}.Debug|Any CPU.Build.0 = Debug|Any CPU
		{68B7616F-A864-4478-BE25-7B9781102E72}.Release|Any CPU.ActiveCfg = Release|Any CPU
		{68B7616F-A864-4478-BE25-7B9781102E72}.Release|Any CPU.Build.0 = Release|Any CPU
	EndGlobalSection
	GlobalSection(SolutionProperties) = preSolution
		HideSolutionNode = FALSE
	EndGlobalSection
	GlobalSection(NestedProjects) = preSolution
		{68B7616F-A864-4478-BE25-7B9781102E72} = {F39AB6D3-10A4-4392-99E5-B827527D2310}
	EndGlobalSection
	GlobalSection(ExtensibilityGlobals) = postSolution
		SolutionGuid = {5B1D4071-4755-4954-B3E5-21B9D5396C0A}
	EndGlobalSection
EndGlobal
